
Microsoft Visual Studio Solution File, Format Version 12.00
# Visual Studio 2013
VisualStudioVersion = 12.0.31101.0
MinimumVisualStudioVersion = 10.0.40219.1
Project("{FAE04EC0-301F-11D3-BF4B-00C04F79EFBC}") = "Recipe1", "Recipe1\Recipe1.csproj", "{A6695B62-FFC0-4FF4-95EA-D904B0001FDC}"
EndProject
Project("{FAE04EC0-301F-11D3-BF4B-00C04F79EFBC}") = "Recipe1.Test", "Recipe1.Test\Recipe1.Test.csproj", "{C43F9A7A-B84D-419F-A029-B5DCC6516261}"
EndProject
Project("{FAE04EC0-301F-11D3-BF4B-00C04F79EFBC}") = "PlacesToVisit.ServiceModel", "PlacesToVisit.ServiceModel\PlacesToVisit.ServiceModel.csproj", "{3CD88ADE-A873-4CE6-9858-D36AC12DE89A}"
EndProject
Project("{FAE04EC0-301F-11D3-BF4B-00C04F79EFBC}") = "PlacesToVisit.ServiceInterface", "PlacesToVisit.ServiceInterface\PlacesToVisit.ServiceInterface.csproj", "{832B5F9F-D722-4FA9-B390-8F6E4B948687}"
EndProject
Global
	GlobalSection(SolutionConfigurationPlatforms) = preSolution
		Debug|Any CPU = Debug|Any CPU
		Release|Any CPU = Release|Any CPU
	EndGlobalSection
	GlobalSection(ProjectConfigurationPlatforms) = postSolution
		{A6695B62-FFC0-4FF4-95EA-D904B0001FDC}.Debug|Any CPU.ActiveCfg = Debug|Any CPU
		{A6695B62-FFC0-4FF4-95EA-D904B0001FDC}.Debug|Any CPU.Build.0 = Debug|Any CPU
		{A6695B62-FFC0-4FF4-95EA-D904B0001FDC}.Release|Any CPU.ActiveCfg = Release|Any CPU
		{A6695B62-FFC0-4FF4-95EA-D904B0001FDC}.Release|Any CPU.Build.0 = Release|Any CPU
		{C43F9A7A-B84D-419F-A029-B5DCC6516261}.Debug|Any CPU.ActiveCfg = Debug|Any CPU
		{C43F9A7A-B84D-419F-A029-B5DCC6516261}.Debug|Any CPU.Build.0 = Debug|Any CPU
		{C43F9A7A-B84D-419F-A029-B5DCC6516261}.Release|Any CPU.ActiveCfg = Release|Any CPU
		{C43F9A7A-B84D-419F-A029-B5DCC6516261}.Release|Any CPU.Build.0 = Release|Any CPU
		{3CD88ADE-A873-4CE6-9858-D36AC12DE89A}.Debug|Any CPU.ActiveCfg = Debug|Any CPU
		{3CD88ADE-A873-4CE6-9858-D36AC12DE89A}.Debug|Any CPU.Build.0 = Debug|Any CPU
		{3CD88ADE-A873-4CE6-9858-D36AC12DE89A}.Release|Any CPU.ActiveCfg = Release|Any CPU
		{3CD88ADE-A873-4CE6-9858-D36AC12DE89A}.Release|Any CPU.Build.0 = Release|Any CPU
		{832B5F9F-D722-4FA9-B390-8F6E4B948687}.Debug|Any CPU.ActiveCfg = Debug|Any CPU
		{832B5F9F-D722-4FA9-B390-8F6E4B948687}.Debug|Any CPU.Build.0 = Debug|Any CPU
		{832B5F9F-D722-4FA9-B390-8F6E4B948687}.Release|Any CPU.ActiveCfg = Release|Any CPU
		{832B5F9F-D722-4FA9-B390-8F6E4B948687}.Release|Any CPU.Build.0 = Release|Any CPU
	EndGlobalSection
	GlobalSection(SolutionProperties) = preSolution
		HideSolutionNode = FALSE
	EndGlobalSection
EndGlobal
